<Solution>
  <Folder Name="/Solution Items/">
    <File Path="Directory.Build.props" />
  </Folder>
  <Project Path="Mrbr.OllamaRunner.ConsoleHost/Mrbr.OllamaRunner.ConsoleHost.csproj" />
  <Project Path="Mrbr.OllamaRunner.Tests/Mrbr.OllamaRunner.Tests.csproj" />
  <Project Path="Mrbr.OllamaRunner/Mrbr.OllamaRunner.csproj" />
</Solution>
